# @generated - this file is auto-generated by `mise lock` https://mise.jdx.dev/dev-tools/mise-lock.html

[[tools.vale]]
version = "3.24.0"
backend = "aqua:vale-cli/vale"

[tools.vale."platforms.linux-x64"]
checksum = "sha256:867534ddb678abca7f214bc4706ead0922bd5252ffe8035fc227013f66c8b214"
url = "https://github.com/vale-cli/vale/releases/download/v3.24.0/vale_3.24.0_Linux_64-bit.tar.gz"
url_api = "https://api.github.com/repos/vale-cli/vale/releases/assets/603879404"

[tools.vale."platforms.macos-arm64"]
checksum = "sha256:87b513f26499f6657c15cf7175ba5b058a7c1ff2bb2d4e07265db2dd43451e44"
url = "https://github.com/vale-cli/vale/releases/download/v3.24.0/vale_3.24.0_macOS_arm64.tar.gz"
url_api = "https://api.github.com/repos/vale-cli/vale/releases/assets/603879362"

[[tools.vendir]]
version = "0.46.1"
backend = "aqua:carvel-dev/vendir"

[tools.vendir."platforms.linux-x64"]
checksum = "sha256:96318c8f2f6ed8b0853b5fac50e22e400af6d8fb2699835e5a8b1663db65c6a9"
url = "https://github.com/carvel-dev/vendir/releases/download/v0.46.1/vendir-linux-amd64"
url_api = "https://api.github.com/repos/carvel-dev/vendir/releases/assets/528793585"

[tools.vendir."platforms.macos-arm64"]
checksum = "sha256:b0ed7ffa337b4964e5a0b865b786e97b75e7777fb4a289f06193671b81e320a9"
url = "https://github.com/carvel-dev/vendir/releases/download/v0.46.1/vendir-darwin-arm64"
url_api = "https://api.github.com/repos/carvel-dev/vendir/releases/assets/528793587"
